
Microsoft Visual Studio Solution File, Format Version 12.00
# Visual Studio 15
VisualStudioVersion = 15.0.26730.10
MinimumVisualStudioVersion = 10.0.40219.1
Project("{FAE04EC0-301F-11D3-BF4B-00C04F79EFBC}") = "Project", "Project\Project.csproj", "{B74D3A67-9151-4C45-98D2-575C902EE97F}"
EndProject
Global
	GlobalSection(SolutionConfigurationPlatforms) = preSolution
		Debug|Any CPU = Debug|Any CPU
		Release|Any CPU = Release|Any CPU
	EndGlobalSection
	GlobalSection(ProjectConfigurationPlatforms) = postSolution
		{B74D3A67-9151-4C45-98D2-575C902EE97F}.Debug|Any CPU.ActiveCfg = Debug|Any CPU
		{B74D3A67-9151-4C45-98D2-575C902EE97F}.Debug|Any CPU.Build.0 = Debug|Any CPU
		{B74D3A67-9151-4C45-98D2-575C902EE97F}.Release|Any CPU.ActiveCfg = Release|Any CPU
		{B74D3A67-9151-4C45-98D2-575C902EE97F}.Release|Any CPU.Build.0 = Release|Any CPU
	EndGlobalSection
	GlobalSection(SolutionProperties) = preSolution
		HideSolutionNode = FALSE
	EndGlobalSection
	GlobalSection(ExtensibilityGlobals) = postSolution
		SolutionGuid = {1BBE97C8-F23A-43DE-9E9B-5F1A6B7B28FB}
	EndGlobalSection
EndGlobal
